// !$*UTF8*$!
{
	archiveVersion = 1;
	classes = {
	};
	objectVersion = 46;
	objects = {

/* Begin PBXBuildFile section */
		3F51423C1D7882D700AC33B4 /* AppDelegate.swift in Sources */ = {isa = PBXBuildFile; fileRef = 3F51423B1D7882D700AC33B4 /* AppDelegate.swift */; };
		3F51423E1D7882D700AC33B4 /* ViewController.swift in Sources */ = {isa = PBXBuildFile; fileRef = 3F51423D1D7882D700AC33B4 /* ViewController.swift */; };
		3F5142411D7882D700AC33B4 /* Main.storyboard in Resources */ = {isa = PBXBuildFile; fileRef = 3F51423F1D7882D700AC33B4 /* Main.storyboard */; };
		3F5142431D7882D700AC33B4 /* Assets.xcassets in Resources */ = {isa = PBXBuildFile; fileRef = 3F5142421D7882D700AC33B4 /* Assets.xcassets */; };
		3F5142461D7882D700AC33B4 /* LaunchScreen.storyboard in Resources */ = {isa = PBXBuildFile; fileRef = 3F5142441D7882D700AC33B4 /* LaunchScreen.storyboard */; };
		3F5142511D7882D700AC33B4 /* Hello_WorldTests.swift in Sources */ = {isa = PBXBuildFile; fileRef = 3F5142501D7882D700AC33B4 /* Hello_WorldTests.swift */; };
		3F51425C1D7882D700AC33B4 /* Hello_WorldUITests.swift in Sources */ = {isa = PBXBuildFile; fileRef = 3F51425B1D7882D700AC33B4 /* Hello_WorldUITests.swift */; };
/* End PBXBuildFile section */

/* Begin PBXContainerItemProxy section */
		3F51424D1D7882D700AC33B4 /* PBXContainerItemProxy */ = {
			isa = PBXContainerItemProxy;
			containerPortal = 3F5142301D7882D700AC33B4 /* Project object */;
			proxyType = 1;
			remoteGlobalIDString = 3F5142371D7882D700AC33B4;
			remoteInfo = "Hello World";
		};
		3F5142581D7882D700AC33B4 /* PBXContainerItemProxy */ = {
			isa = PBXContainerItemProxy;
			containerPortal = 3F5142301D7882D700AC33B4 /* Project object */;
			proxyType = 1;
			remoteGlobalIDString = 3F5142371D7882D700AC33B4;
			remoteInfo = "Hello World";
		};
/* End PBXContainerItemProxy section */

/* Begin PBXFileReference section */
		3F5142381D7882D700AC33B4 /* Hello World.app */ = {isa = PBXFileReference; explicitFileType = wrapper.application; includeInIndex = 0; path = "Hello World.app"; sourceTree = BUILT_PRODUCTS_DIR; };
		3F51423B1D7882D700AC33B4 /* AppDelegate.swift */ = {isa = PBXFileReference; lastKnownFileType = sourcecode.swift; path = AppDelegate.swift; sourceTree = "<group>"; };
		3F51423D1D7882D700AC33B4 /* ViewController.swift */ = {isa = PBXFileReference; lastKnownFileType = sourcecode.swift; path = ViewController.swift; sourceTree = "<group>"; };
		3F5142401D7882D700AC33B4 /* Base */ = {isa = PBXFileReference; lastKnownFileType = file.storyboard; name = Base; path = Base.lproj/Main.storyboard; sourceTree = "<group>"; };
		3F5142421D7882D700AC33B4 /* Assets.xcassets */ = {isa = PBXFileReference; lastKnownFileType = folder.assetcatalog; path = Assets.xcassets; sourceTree = "<group>"; };
		3F5142451D7882D700AC33B4 /* Base */ = {isa = PBXFileReference; lastKnownFileType = file.storyboard; name = Base; path = Base.lproj/LaunchScreen.storyboard; sourceTree = "<group>"; };
		3F5142471D7882D700AC33B4 /* Info.plist */ = {isa = PBXFileReference; lastKnownFileType = text.plist.xml; path = Info.plist; sourceTree = "<group>"; };
		3F51424C1D7882D700AC33B4 /* Hello WorldTests.xctest */ = {isa = PBXFileReference; explicitFileType = wrapper.cfbundle; includeInIndex = 0; path = "Hello WorldTests.xctest"; sourceTree = BUILT_PRODUCTS_DIR; };
		3F5142501D7882D700AC33B4 /* Hello_WorldTests.swift */ = {isa = PBXFileReference; lastKnownFileType = sourcecode.swift; path = Hello_WorldTests.swift; sourceTree = "<group>"; };
		3F5142521D7882D700AC33B4 /* Info.plist */ = {isa = PBXFileReference; lastKnownFileType = text.plist.xml; path = Info.plist; sourceTree = "<group>"; };
		3F5142571D7882D700AC33B4 /* Hello WorldUITests.xctest */ = {isa = PBXFileReference; explicitFileType = wrapper.cfbundle; includeInIndex = 0; path = "Hello WorldUITests.xctest"; sourceTree = BUILT_PRODUCTS_DIR; };
		3F51425B1D7882D700AC33B4 /* Hello_WorldUITests.swift */ = {isa = PBXFileReference; lastKnownFileType = sourcecode.swift; path = Hello_WorldUITests.swift; sourceTree = "<group>"; };
		3F51425D1D7882D700AC33B4 /* Info.plist */ = {isa = PBXFileReference; lastKnownFileType = text.plist.xml; path = Info.plist; sourceTree = "<group>"; };
/* End PBXFileReference section */

/* Begin PBXFrameworksBuildPhase section */
		3F5142351D7882D700AC33B4 /* Frameworks */ = {
			isa = PBXFrameworksBuildPhase;
			buildActionMask = 2147483647;
			files = (
			);
			runOnlyForDeploymentPostprocessing = 0;
		};
		3F5142491D7882D700AC33B4 /* Frameworks */ = {
			isa = PBXFrameworksBuildPhase;
			buildActionMask = 2147483647;
			files = (
			);
			runOnlyForDeploymentPostprocessing = 0;
		};
		3F5142541D7882D700AC33B4 /* Frameworks */ = {
			isa = PBXFrameworksBuildPhase;
			buildActionMask = 2147483647;
			files = (
			);
			runOnlyForDeploymentPostprocessing = 0;
		};
/* End PBXFrameworksBuildPhase section */

/* Begin PBXGroup section */
		3F51422F1D7882D700AC33B4 = {
			isa = PBXGroup;
			children = (
				3F51423A1D7882D700AC33B4 /* Hello World */,
				3F51424F1D7882D700AC33B4 /* Hello WorldTests */,
				3F51425A1D7882D700AC33B4 /* Hello WorldUITests */,
				3F5142391D7882D700AC33B4 /* Products */,
			);
			sourceTree = "<group>";
		};
		3F5142391D7882D700AC33B4 /* Products */ = {
			isa = PBXGroup;
			children = (
				3F5142381D7882D700AC33B4 /* Hello World.app */,
				3F51424C1D7882D700AC33B4 /* Hello WorldTests.xctest */,
				3F5142571D7882D700AC33B4 /* Hello WorldUITests.xctest */,
			);
			name = Products;
			sourceTree = "<group>";
		};
		3F51423A1D7882D700AC33B4 /* Hello World */ = {
			isa = PBXGroup;
			children = (
				3F51423B1D7882D700AC33B4 /* AppDelegate.swift */,
				3F51423D1D7882D700AC33B4 /* ViewController.swift */,
				3F51423F1D7882D700AC33B4 /* Main.storyboard */,
				3F5142421D7882D700AC33B4 /* Assets.xcassets */,
				3F5142441D7882D700AC33B4 /* LaunchScreen.storyboard */,
				3F5142471D7882D700AC33B4 /* Info.plist */,
			);
			path = "Hello World";
			sourceTree = "<group>";
		};
		3F51424F1D7882D700AC33B4 /* Hello WorldTests */ = {
			isa = PBXGroup;
			children = (
				3F5142501D7882D700AC33B4 /* Hello_WorldTests.swift */,
				3F5142521D7882D700AC33B4 /* Info.plist */,
			);
			path = "Hello WorldTests";
			sourceTree = "<group>";
		};
		3F51425A1D7882D700AC33B4 /* Hello WorldUITests */ = {
			isa = PBXGroup;
			children = (
				3F51425B1D7882D700AC33B4 /* Hello_WorldUITests.swift */,
				3F51425D1D7882D700AC33B4 /* Info.plist */,
			);
			path = "Hello WorldUITests";
			sourceTree = "<group>";
		};
/* End PBXGroup section */

/* Begin PBXNativeTarget section */
		3F5142371D7882D700AC33B4 /* Hello World */ = {
			isa = PBXNativeTarget;
			buildConfigurationList = 3F5142601D7882D700AC33B4 /* Build configuration list for PBXNativeTarget "Hello World" */;
			buildPhases = (
				3F5142341D7882D700AC33B4 /* Sources */,
				3F5142351D7882D700AC33B4 /* Frameworks */,
				3F5142361D7882D700AC33B4 /* Resources */,
			);
			buildRules = (
			);
			dependencies = (
			);
			name = "Hello World";
			productName = "Hello World";
			productReference = 3F5142381D7882D700AC33B4 /* Hello World.app */;
			productType = "com.apple.product-type.application";
		};
		3F51424B1D7882D700AC33B4 /* Hello WorldTests */ = {
			isa = PBXNativeTarget;
			buildConfigurationList = 3F5142631D7882D700AC33B4 /* Build configuration list for PBXNativeTarget "Hello WorldTests" */;
			buildPhases = (
				3F5142481D7882D700AC33B4 /* Sources */,
				3F5142491D7882D700AC33B4 /* Frameworks */,
				3F51424A1D7882D700AC33B4 /* Resources */,
			);
			buildRules = (
			);
			dependencies = (
				3F51424E1D7882D700AC33B4 /* PBXTargetDependency */,
			);
			name = "Hello WorldTests";
			productName = "Hello WorldTests";
			productReference = 3F51424C1D7882D700AC33B4 /* Hello WorldTests.xctest */;
			productType = "com.apple.product-type.bundle.unit-test";
		};
		3F5142561D7882D700AC33B4 /* Hello WorldUITests */ = {
			isa = PBXNativeTarget;
			buildConfigurationList = 3F5142661D7882D700AC33B4 /* Build configuration list for PBXNativeTarget "Hello WorldUITests" */;
			buildPhases = (
				3F5142531D7882D700AC33B4 /* Sources */,
				3F5142541D7882D700AC33B4 /* Frameworks */,
				3F5142551D7882D700AC33B4 /* Resources */,
			);
			buildRules = (
			);
			dependencies = (
				3F5142591D7882D700AC33B4 /* PBXTargetDependency */,
			);
			name = "Hello WorldUITests";
			productName = "Hello WorldUITests";
			productReference = 3F5142571D7882D700AC33B4 /* Hello WorldUITests.xctest */;
			productType = "com.apple.product-type.bundle.ui-testing";
		};
/* End PBXNativeTarget section */

/* Begin PBXProject section */
		3F5142301D7882D700AC33B4 /* Project object */ = {
			isa = PBXProject;
			attributes = {
				LastSwiftUpdateCheck = 0730;
				LastUpgradeCheck = 0730;
				ORGANIZATIONNAME = "Carter Bischof";
				TargetAttributes = {
					3F5142371D7882D700AC33B4 = {
						CreatedOnToolsVersion = 7.3.1;
					};
					3F51424B1D7882D700AC33B4 = {
						CreatedOnToolsVersion = 7.3.1;
						TestTargetID = 3F5142371D7882D700AC33B4;
					};
					3F5142561D7882D700AC33B4 = {
						CreatedOnToolsVersion = 7.3.1;
						TestTargetID = 3F5142371D7882D700AC33B4;
					};
				};
			};
			buildConfigurationList = 3F5142331D7882D700AC33B4 /* Build configuration list for PBXProject "Hello World" */;
			compatibilityVersion = "Xcode 3.2";
			developmentRegion = English;
			hasScannedForEncodings = 0;
			knownRegions = (
				en,
				Base,
			);
			mainGroup = 3F51422F1D7882D700AC33B4;
			productRefGroup = 3F5142391D7882D700AC33B4 /* Products */;
			projectDirPath = "";
			projectRoot = "";
			targets = (
				3F5142371D7882D700AC33B4 /* Hello World */,
				3F51424B1D7882D700AC33B4 /* Hello WorldTests */,
				3F5142561D7882D700AC33B4 /* Hello WorldUITests */,
			);
		};
/* End PBXProject section */

/* Begin PBXResourcesBuildPhase section */
		3F5142361D7882D700AC33B4 /* Resources */ = {
			isa = PBXResourcesBuildPhase;
			buildActionMask = 2147483647;
			files = (
				3F5142461D7882D700AC33B4 /* LaunchScreen.storyboard in Resources */,
				3F5142431D7882D700AC33B4 /* Assets.xcassets in Resources */,
				3F5142411D7882D700AC33B4 /* Main.storyboard in Resources */,
			);
			runOnlyForDeploymentPostprocessing = 0;
		};
		3F51424A1D7882D700AC33B4 /* Resources */ = {
			isa = PBXResourcesBuildPhase;
			buildActionMask = 2147483647;
			files = (
			);
			runOnlyForDeploymentPostprocessing = 0;
		};
		3F5142551D7882D700AC33B4 /* Resources */ = {
			isa = PBXResourcesBuildPhase;
			buildActionMask = 2147483647;
			files = (
			);
			runOnlyForDeploymentPostprocessing = 0;
		};
/* End PBXResourcesBuildPhase section */

/* Begin PBXSourcesBuildPhase section */
		3F5142341D7882D700AC33B4 /* Sources */ = {
			isa = PBXSourcesBuildPhase;
			buildActionMask = 2147483647;
			files = (
				3F51423E1D7882D700AC33B4 /* ViewController.swift in Sources */,
				3F51423C1D7882D700AC33B4 /* AppDelegate.swift in Sources */,
			);
			runOnlyForDeploymentPostprocessing = 0;
		};
		3F5142481D7882D700AC33B4 /* Sources */ = {
			isa = PBXSourcesBuildPhase;
			buildActionMask = 2147483647;
			files = (
				3F5142511D7882D700AC33B4 /* Hello_WorldTests.swift in Sources */,
			);
			runOnlyForDeploymentPostprocessing = 0;
		};
		3F5142531D7882D700AC33B4 /* Sources */ = {
			isa = PBXSourcesBuildPhase;
			buildActionMask = 2147483647;
			files = (
				3F51425C1D7882D700AC33B4 /* Hello_WorldUITests.swift in Sources */,
			);
			runOnlyForDeploymentPostprocessing = 0;
		};
/* End PBXSourcesBuildPhase section */

/* Begin PBXTargetDependency section */
		3F51424E1D7882D700AC33B4 /* PBXTargetDependency */ = {
			isa = PBXTargetDependency;
			target = 3F5142371D7882D700AC33B4 /* Hello World */;
			targetProxy = 3F51424D1D7882D700AC33B4 /* PBXContainerItemProxy */;
		};
		3F5142591D7882D700AC33B4 /* PBXTargetDependency */ = {
			isa = PBXTargetDependency;
			target = 3F5142371D7882D700AC33B4 /* Hello World */;
			targetProxy = 3F5142581D7882D700AC33B4 /* PBXContainerItemProxy */;
		};
/* End PBXTargetDependency section */

/* Begin PBXVariantGroup section */
		3F51423F1D7882D700AC33B4 /* Main.storyboard */ = {
			isa = PBXVariantGroup;
			children = (
				3F5142401D7882D700AC33B4 /* Base */,
			);
			name = Main.storyboard;
			sourceTree = "<group>";
		};
		3F5142441D7882D700AC33B4 /* LaunchScreen.storyboard */ = {
			isa = PBXVariantGroup;
			children = (
				3F5142451D7882D700AC33B4 /* Base */,
			);
			name = LaunchScreen.storyboard;
			sourceTree = "<group>";
		};
/* End PBXVariantGroup section */

/* Begin XCBuildConfiguration section */
		3F51425E1D7882D700AC33B4 /* Debug */ = {
			isa = XCBuildConfiguration;
			buildSettings = {
				ALWAYS_SEARCH_USER_PATHS = NO;
				CLANG_ANALYZER_NONNULL = YES;
				CLANG_CXX_LANGUAGE_STANDARD = "gnu++0x";
				CLANG_CXX_LIBRARY = "libc++";
				CLANG_ENABLE_MODULES = YES;
				CLANG_ENABLE_OBJC_ARC = YES;
				CLANG_WARN_BOOL_CONVERSION = YES;
				CLANG_WARN_CONSTANT_CONVERSION = YES;
				CLANG_WARN_DIRECT_OBJC_ISA_USAGE = YES_ERROR;
				CLANG_WARN_EMPTY_BODY = YES;
				CLANG_WARN_ENUM_CONVERSION = YES;
				CLANG_WARN_INT_CONVERSION = YES;
				CLANG_WARN_OBJC_ROOT_CLASS = YES_ERROR;
				CLANG_WARN_UNREACHABLE_CODE = YES;
				CLANG_WARN__DUPLICATE_METHOD_MATCH = YES;
				"CODE_SIGN_IDENTITY[sdk=iphoneos*]" = "iPhone Developer";
				COPY_PHASE_STRIP = NO;
				DEBUG_INFORMATION_FORMAT = dwarf;
				ENABLE_STRICT_OBJC_MSGSEND = YES;
				ENABLE_TESTABILITY = YES;
				GCC_C_LANGUAGE_STANDARD = gnu99;
				GCC_DYNAMIC_NO_PIC = NO;
				GCC_NO_COMMON_BLOCKS = YES;
				GCC_OPTIMIZATION_LEVEL = 0;
				GCC_PREPROCESSOR_DEFINITIONS = (
					"DEBUG=1",
					"$(inherited)",
				);
				GCC_WARN_64_TO_32_BIT_CONVERSION = YES;
				GCC_WARN_ABOUT_RETURN_TYPE = YES_ERROR;
				GCC_WARN_UNDECLARED_SELECTOR = YES;
				GCC_WARN_UNINITIALIZED_AUTOS = YES_AGGRESSIVE;
				GCC_WARN_UNUSED_FUNCTION = YES;
				GCC_WARN_UNUSED_VARIABLE = YES;
				IPHONEOS_DEPLOYMENT_TARGET = 9.3;
				MTL_ENABLE_DEBUG_INFO = YES;
				ONLY_ACTIVE_ARCH = YES;
				SDKROOT = iphoneos;
				SWIFT_OPTIMIZATION_LEVEL = "-Onone";
				TARGETED_DEVICE_FAMILY = "1,2";
			};
			name = Debug;
		};
		3F51425F1D7882D700AC33B4 /* Release */ = {
			isa = XCBuildConfiguration;
			buildSettings = {
				ALWAYS_SEARCH_USER_PATHS = NO;
				CLANG_ANALYZER_NONNULL = YES;
				CLANG_CXX_LANGUAGE_STANDARD = "gnu++0x";
				CLANG_CXX_LIBRARY = "libc++";
				CLANG_ENABLE_MODULES = YES;
				CLANG_ENABLE_OBJC_ARC = YES;
				CLANG_WARN_BOOL_CONVERSION = YES;
				CLANG_WARN_CONSTANT_CONVERSION = YES;
				CLANG_WARN_DIRECT_OBJC_ISA_USAGE = YES_ERROR;
				CLANG_WARN_EMPTY_BODY = YES;
				CLANG_WARN_ENUM_CONVERSION = YES;
				CLANG_WARN_INT_CONVERSION = YES;
				CLANG_WARN_OBJC_ROOT_CLASS = YES_ERROR;
				CLANG_WARN_UNREACHABLE_CODE = YES;
				CLANG_WARN__DUPLICATE_METHOD_MATCH = YES;
				"CODE_SIGN_IDENTITY[sdk=iphoneos*]" = "iPhone Developer";
				COPY_PHASE_STRIP = NO;
				DEBUG_INFORMATION_FORMAT = "dwarf-with-dsym";
				ENABLE_NS_ASSERTIONS = NO;
				ENABLE_STRICT_OBJC_MSGSEND = YES;
				GCC_C_LANGUAGE_STANDARD = gnu99;
				GCC_NO_COMMON_BLOCKS = YES;
				GCC_WARN_64_TO_32_BIT_CONVERSION = YES;
				GCC_WARN_ABOUT_RETURN_TYPE = YES_ERROR;
				GCC_WARN_UNDECLARED_SELECTOR = YES;
				GCC_WARN_UNINITIALIZED_AUTOS = YES_AGGRESSIVE;
				GCC_WARN_UNUSED_FUNCTION = YES;
				GCC_WARN_UNUSED_VARIABLE = YES;
				IPHONEOS_DEPLOYMENT_TARGET = 9.3;
				MTL_ENABLE_DEBUG_INFO = NO;
				SDKROOT = iphoneos;
				TARGETED_DEVICE_FAMILY = "1,2";
				VALIDATE_PRODUCT = YES;
			};
			name = Release;
		};
		3F5142611D7882D700AC33B4 /* Debug */ = {
			isa = XCBuildConfiguration;
			buildSettings = {
				ASSETCATALOG_COMPILER_APPICON_NAME = AppIcon;
				INFOPLIST_FILE = "Hello World/Info.plist";
				LD_RUNPATH_SEARCH_PATHS = "$(inherited) @executable_path/Frameworks";
				PRODUCT_BUNDLE_IDENTIFIER = "BHS.Hello-World";
				PRODUCT_NAME = "$(TARGET_NAME)";
			};
			name = Debug;
		};
		3F5142621D7882D700AC33B4 /* Release */ = {
			isa = XCBuildConfiguration;
			buildSettings = {
				ASSETCATALOG_COMPILER_APPICON_NAME = AppIcon;
				INFOPLIST_FILE = "Hello World/Info.plist";
				LD_RUNPATH_SEARCH_PATHS = "$(inherited) @executable_path/Frameworks";
				PRODUCT_BUNDLE_IDENTIFIER = "BHS.Hello-World";
				PRODUCT_NAME = "$(TARGET_NAME)";
			};
			name = Release;
		};
		3F5142641D7882D700AC33B4 /* Debug */ = {
			isa = XCBuildConfiguration;
			buildSettings = {
				BUNDLE_LOADER = "$(TEST_HOST)";
				INFOPLIST_FILE = "Hello WorldTests/Info.plist";
				LD_RUNPATH_SEARCH_PATHS = "$(inherited) @executable_path/Frameworks @loader_path/Frameworks";
				PRODUCT_BUNDLE_IDENTIFIER = "BHS.Hello-WorldTests";
				PRODUCT_NAME = "$(TARGET_NAME)";
				TEST_HOST = "$(BUILT_PRODUCTS_DIR)/Hello World.app/Hello World";
			};
			name = Debug;
		};
		3F5142651D7882D700AC33B4 /* Release */ = {
			isa = XCBuildConfiguration;
			buildSettings = {
				BUNDLE_LOADER = "$(TEST_HOST)";
				INFOPLIST_FILE = "Hello WorldTests/Info.plist";
				LD_RUNPATH_SEARCH_PATHS = "$(inherited) @executable_path/Frameworks @loader_path/Frameworks";
				PRODUCT_BUNDLE_IDENTIFIER = "BHS.Hello-WorldTests";
				PRODUCT_NAME = "$(TARGET_NAME)";
				TEST_HOST = "$(BUILT_PRODUCTS_DIR)/Hello World.app/Hello World";
			};
			name = Release;
		};
		3F5142671D7882D700AC33B4 /* Debug */ = {
			isa = XCBuildConfiguration;
			buildSettings = {
				INFOPLIST_FILE = "Hello WorldUITests/Info.plist";
				LD_RUNPATH_SEARCH_PATHS = "$(inherited) @executable_path/Frameworks @loader_path/Frameworks";
				PRODUCT_BUNDLE_IDENTIFIER = "BHS.Hello-WorldUITests";
				PRODUCT_NAME = "$(TARGET_NAME)";
				TEST_TARGET_NAME = "Hello World";
			};
			name = Debug;
		};
		3F5142681D7882D700AC33B4 /* Release */ = {
			isa = XCBuildConfiguration;
			buildSettings = {
				INFOPLIST_FILE = "Hello WorldUITests/Info.plist";
				LD_RUNPATH_SEARCH_PATHS = "$(inherited) @executable_path/Frameworks @loader_path/Frameworks";
				PRODUCT_BUNDLE_IDENTIFIER = "BHS.Hello-WorldUITests";
				PRODUCT_NAME = "$(TARGET_NAME)";
				TEST_TARGET_NAME = "Hello World";
			};
			name = Release;
		};
/* End XCBuildConfiguration section */

/* Begin XCConfigurationList section */
		3F5142331D7882D700AC33B4 /* Build configuration list for PBXProject "Hello World" */ = {
			isa = XCConfigurationList;
			buildConfigurations = (
				3F51425E1D7882D700AC33B4 /* Debug */,
				3F51425F1D7882D700AC33B4 /* Release */,
			);
			defaultConfigurationIsVisible = 0;
			defaultConfigurationName = Release;
		};
		3F5142601D7882D700AC33B4 /* Build configuration list for PBXNativeTarget "Hello World" */ = {
			isa = XCConfigurationList;
			buildConfigurations = (
				3F5142611D7882D700AC33B4 /* Debug */,
				3F5142621D7882D700AC33B4 /* Release */,
			);
			defaultConfigurationIsVisible = 0;
		};
		3F5142631D7882D700AC33B4 /* Build configuration list for PBXNativeTarget "Hello WorldTests" */ = {
			isa = XCConfigurationList;
			buildConfigurations = (
				3F5142641D7882D700AC33B4 /* Debug */,
				3F5142651D7882D700AC33B4 /* Release */,
			);
			defaultConfigurationIsVisible = 0;
		};
		3F5142661D7882D700AC33B4 /* Build configuration list for PBXNativeTarget "Hello WorldUITests" */ = {
			isa = XCConfigurationList;
			buildConfigurations = (
				3F5142671D7882D700AC33B4 /* Debug */,
				3F5142681D7882D700AC33B4 /* Release */,
			);
			defaultConfigurationIsVisible = 0;
		};
/* End XCConfigurationList section */
	};
	rootObject = 3F5142301D7882D700AC33B4 /* Project object */;
}
